
Microsoft Visual Studio Solution File, Format Version 12.00
# Visual Studio Version 17
VisualStudioVersion = 17.12.35209.166
MinimumVisualStudioVersion = 10.0.40219.1
Project("{FAE04EC0-301F-11D3-BF4B-00C04F79EFBC}") = "VF_CavehillWalkingClub", "VF_CavehillWalkingClub.csproj", "{F97985F4-CA5D-4BD2-A83A-01F6DC3A0868}"
EndProject
Global
	GlobalSection(SolutionConfigurationPlatforms) = preSolution
		Debug|Any CPU = Debug|Any CPU
		Release|Any CPU = Release|Any CPU
	EndGlobalSection
	GlobalSection(ProjectConfigurationPlatforms) = postSolution
		{F97985F4-CA5D-4BD2-A83A-01F6DC3A0868}.Debug|Any CPU.ActiveCfg = Debug|Any CPU
		{F97985F4-CA5D-4BD2-A83A-01F6DC3A0868}.Debug|Any CPU.Build.0 = Debug|Any CPU
		{F97985F4-CA5D-4BD2-A83A-01F6DC3A0868}.Release|Any CPU.ActiveCfg = Release|Any CPU
		{F97985F4-CA5D-4BD2-A83A-01F6DC3A0868}.Release|Any CPU.Build.0 = Release|Any CPU
	EndGlobalSection
	GlobalSection(SolutionProperties) = preSolution
		HideSolutionNode = FALSE
	EndGlobalSection
	GlobalSection(ExtensibilityGlobals) = postSolution
		SolutionGuid = {56C8131B-E446-4D55-8BDE-0954116A8EAC}
	EndGlobalSection
EndGlobal
